
Microsoft Visual Studio Solution File, Format Version 12.00
# Visual Studio Version 17
VisualStudioVersion = 17.13.35919.96
MinimumVisualStudioVersion = 10.0.40219.1
Project("{9A19103F-16F7-4668-BE54-9A1E7A4F7556}") = "EmployeeRAWebApi", "EmployeeRAWebApi\EmployeeRAWebApi.csproj", "{4787DF48-7737-4182-BCC6-B37A1BD623B6}"
EndProject
Project("{FAE04EC0-301F-11D3-BF4B-00C04F79EFBC}") = "EmployeeReportingAutherityMVC", "EmployeeReportingAutherityMVC\EmployeeReportingAutherityMVC.csproj", "{9C811945-A199-4BC9-9191-A9868A31B69B}"
EndProject
Global
	GlobalSection(SolutionConfigurationPlatforms) = preSolution
		Debug|Any CPU = Debug|Any CPU
		Release|Any CPU = Release|Any CPU
	EndGlobalSection
	GlobalSection(ProjectConfigurationPlatforms) = postSolution
		{4787DF48-7737-4182-BCC6-B37A1BD623B6}.Debug|Any CPU.ActiveCfg = Debug|Any CPU
		{4787DF48-7737-4182-BCC6-B37A1BD623B6}.Debug|Any CPU.Build.0 = Debug|Any CPU
		{4787DF48-7737-4182-BCC6-B37A1BD623B6}.Release|Any CPU.ActiveCfg = Release|Any CPU
		{4787DF48-7737-4182-BCC6-B37A1BD623B6}.Release|Any CPU.Build.0 = Release|Any CPU
		{9C811945-A199-4BC9-9191-A9868A31B69B}.Debug|Any CPU.ActiveCfg = Debug|Any CPU
		{9C811945-A199-4BC9-9191-A9868A31B69B}.Debug|Any CPU.Build.0 = Debug|Any CPU
		{9C811945-A199-4BC9-9191-A9868A31B69B}.Release|Any CPU.ActiveCfg = Release|Any CPU
		{9C811945-A199-4BC9-9191-A9868A31B69B}.Release|Any CPU.Build.0 = Release|Any CPU
	EndGlobalSection
	GlobalSection(SolutionProperties) = preSolution
		HideSolutionNode = FALSE
	EndGlobalSection
	GlobalSection(ExtensibilityGlobals) = postSolution
		SolutionGuid = {946BD0AB-9E51-4E8A-AC40-D1C24FD64BE9}
	EndGlobalSection
EndGlobal
